
Microsoft Visual Studio Solution File, Format Version 12.00
# Visual Studio 15
Project("{FAE04EC0-301F-11D3-BF4B-00C04F79EFBC}") = "PUN_Sample", "PUN_Sample.csproj", "{51AEE309-5A8E-3586-8D9A-9BF82084EC9E}"
EndProject
Project("{FAE04EC0-301F-11D3-BF4B-00C04F79EFBC}") = "PUN_Sample.Plugins", "PUN_Sample.Plugins.csproj", "{88834037-1630-66F0-CEC0-BFA39140BA9D}"
EndProject
Project("{FAE04EC0-301F-11D3-BF4B-00C04F79EFBC}") = "PUN_Sample.Editor", "PUN_Sample.Editor.csproj", "{F9E547AB-794C-1E93-A217-F55D6A6F8932}"
EndProject
Global
	GlobalSection(SolutionConfigurationPlatforms) = preSolution
		Debug|Any CPU = Debug|Any CPU
		Release|Any CPU = Release|Any CPU
	EndGlobalSection
	GlobalSection(ProjectConfigurationPlatforms) = postSolution
		{51AEE309-5A8E-3586-8D9A-9BF82084EC9E}.Debug|Any CPU.ActiveCfg = Debug|Any CPU
		{51AEE309-5A8E-3586-8D9A-9BF82084EC9E}.Debug|Any CPU.Build.0 = Debug|Any CPU
		{51AEE309-5A8E-3586-8D9A-9BF82084EC9E}.Release|Any CPU.ActiveCfg = Release|Any CPU
		{51AEE309-5A8E-3586-8D9A-9BF82084EC9E}.Release|Any CPU.Build.0 = Release|Any CPU
		{88834037-1630-66F0-CEC0-BFA39140BA9D}.Debug|Any CPU.ActiveCfg = Debug|Any CPU
		{88834037-1630-66F0-CEC0-BFA39140BA9D}.Debug|Any CPU.Build.0 = Debug|Any CPU
		{88834037-1630-66F0-CEC0-BFA39140BA9D}.Release|Any CPU.ActiveCfg = Release|Any CPU
		{88834037-1630-66F0-CEC0-BFA39140BA9D}.Release|Any CPU.Build.0 = Release|Any CPU
		{F9E547AB-794C-1E93-A217-F55D6A6F8932}.Debug|Any CPU.ActiveCfg = Debug|Any CPU
		{F9E547AB-794C-1E93-A217-F55D6A6F8932}.Debug|Any CPU.Build.0 = Debug|Any CPU
		{F9E547AB-794C-1E93-A217-F55D6A6F8932}.Release|Any CPU.ActiveCfg = Release|Any CPU
		{F9E547AB-794C-1E93-A217-F55D6A6F8932}.Release|Any CPU.Build.0 = Release|Any CPU
	EndGlobalSection
	GlobalSection(SolutionProperties) = preSolution
		HideSolutionNode = FALSE
	EndGlobalSection
EndGlobal
